
Microsoft Visual Studio Solution File, Format Version 12.00
# Visual Studio 15
VisualStudioVersion = 15.0.27130.2020
MinimumVisualStudioVersion = 10.0.40219.1
Project("{FAE04EC0-301F-11D3-BF4B-00C04F79EFBC}") = "Speccer", "Speccer\Speccer.csproj", "{EA8C7D81-0F74-4D07-B5A0-A67755F46385}"
EndProject
Project("{FAE04EC0-301F-11D3-BF4B-00C04F79EFBC}") = "Speccer.Test", "Speccer.Test\Speccer.Test.csproj", "{B733ED20-A2D5-4532-BA78-AF639FA32002}"
EndProject
Global
	GlobalSection(SolutionConfigurationPlatforms) = preSolution
		Debug|Any CPU = Debug|Any CPU
		Release|Any CPU = Release|Any CPU
	EndGlobalSection
	GlobalSection(ProjectConfigurationPlatforms) = postSolution
		{EA8C7D81-0F74-4D07-B5A0-A67755F46385}.Debug|Any CPU.ActiveCfg = Debug|Any CPU
		{EA8C7D81-0F74-4D07-B5A0-A67755F46385}.Debug|Any CPU.Build.0 = Debug|Any CPU
		{EA8C7D81-0F74-4D07-B5A0-A67755F46385}.Release|Any CPU.ActiveCfg = Release|Any CPU
		{EA8C7D81-0F74-4D07-B5A0-A67755F46385}.Release|Any CPU.Build.0 = Release|Any CPU
		{B733ED20-A2D5-4532-BA78-AF639FA32002}.Debug|Any CPU.ActiveCfg = Debug|Any CPU
		{B733ED20-A2D5-4532-BA78-AF639FA32002}.Debug|Any CPU.Build.0 = Debug|Any CPU
		{B733ED20-A2D5-4532-BA78-AF639FA32002}.Release|Any CPU.ActiveCfg = Release|Any CPU
		{B733ED20-A2D5-4532-BA78-AF639FA32002}.Release|Any CPU.Build.0 = Release|Any CPU
	EndGlobalSection
	GlobalSection(SolutionProperties) = preSolution
		HideSolutionNode = FALSE
	EndGlobalSection
	GlobalSection(ExtensibilityGlobals) = postSolution
		SolutionGuid = {F8F68E70-577C-4F42-9702-89642171BA6C}
	EndGlobalSection
EndGlobal
